lockfileVersion: 5.3

importers:

  .:
    specifiers:
      typescript: ^4.2.4
    devDependencies:
      typescript: 4.2.4

  projects/svelte-localstorage:
    specifiers:
      svelte: ^3.38.2
    dependencies:
      svelte: 3.38.2

packages:

  /svelte/3.38.2:
    resolution: {integrity: sha512-q5Dq0/QHh4BLJyEVWGe7Cej5NWs040LWjMbicBGZ+3qpFWJ1YObRmUDZKbbovddLC9WW7THTj3kYbTOFmU9fbg==}
    engines: {node: '>= 8'}
    dev: false

  /typescript/4.2.4:
    resolution: {integrity: sha512-V+evlYHZnQkaz8TRBuxTA92yZBPotr5H+WhQ7bD3hZUndx5tGOa1fuCgeSjxAzM1RiN5IzvadIXTVefuuwZCRg==}
    engines: {node: '>=4.2.0'}
    hasBin: true
    dev: true
